
Microsoft Visual Studio Solution File, Format Version 12.00
# Visual Studio 15
VisualStudioVersion = 15.0.27703.2035
MinimumVisualStudioVersion = 10.0.40219.1
Project("{FAE04EC0-301F-11D3-BF4B-00C04F79EFBC}") = "Palindrome_Checker", "Palindrome_Checker\Palindrome_Checker.csproj", "{69FE8C9A-05E5-4780-9393-6C8FDD6C4169}"
EndProject
Global
	GlobalSection(SolutionConfigurationPlatforms) = preSolution
		Debug|Any CPU = Debug|Any CPU
		Release|Any CPU = Release|Any CPU
	EndGlobalSection
	GlobalSection(ProjectConfigurationPlatforms) = postSolution
		{69FE8C9A-05E5-4780-9393-6C8FDD6C4169}.Debug|Any CPU.ActiveCfg = Debug|Any CPU
		{69FE8C9A-05E5-4780-9393-6C8FDD6C4169}.Debug|Any CPU.Build.0 = Debug|Any CPU
		{69FE8C9A-05E5-4780-9393-6C8FDD6C4169}.Release|Any CPU.ActiveCfg = Release|Any CPU
		{69FE8C9A-05E5-4780-9393-6C8FDD6C4169}.Release|Any CPU.Build.0 = Release|Any CPU
	EndGlobalSection
	GlobalSection(SolutionProperties) = preSolution
		HideSolutionNode = FALSE
	EndGlobalSection
	GlobalSection(ExtensibilityGlobals) = postSolution
		SolutionGuid = {C8B3448D-4F77-44E5-AFFD-651A7B379B3D}
	EndGlobalSection
EndGlobal
